
Microsoft Visual Studio Solution File, Format Version 12.00
# Visual Studio Version 17
VisualStudioVersion = 17.12.35521.163
MinimumVisualStudioVersion = 10.0.40219.1
Project("{8BC9CEB8-8B4A-11D0-8D11-00A0C91BC942}") = "day1", "day1\day1.vcxproj", "{09603618-7F70-4854-AA03-3F100FA698AD}"
EndProject
Project("{8BC9CEB8-8B4A-11D0-8D11-00A0C91BC942}") = "shared", "shared\shared.vcxproj", "{8346510D-4E50-4C9E-887C-B9C69183E78F}"
EndProject
Project("{8BC9CEB8-8B4A-11D0-8D11-00A0C91BC942}") = "day2", "day2\day2.vcxproj", "{679D0D82-316B-4085-B52D-5CF33FDEBF9A}"
EndProject
Project("{8BC9CEB8-8B4A-11D0-8D11-00A0C91BC942}") = "day3", "day3\day3.vcxproj", "{BE7FF909-8C6A-4A30-9203-AC3A4B75B13F}"
EndProject
Project("{8BC9CEB8-8B4A-11D0-8D11-00A0C91BC942}") = "day4", "day4\day4.vcxproj", "{2C1E7BF2-2029-4F15-8021-C48F5944C62A}"
EndProject
Project("{8BC9CEB8-8B4A-11D0-8D11-00A0C91BC942}") = "day5", "day5\day5.vcxproj", "{A46937A9-94A0-4ED3-B8FB-22FA575E5396}"
EndProject
Project("{8BC9CEB8-8B4A-11D0-8D11-00A0C91BC942}") = "day6", "day6\day6.vcxproj", "{A5AD5B75-409A-42D2-9359-36CA676DD2F3}"
EndProject
Project("{8BC9CEB8-8B4A-11D0-8D11-00A0C91BC942}") = "day7", "day7\day7.vcxproj", "{6D54F391-551E-4A4F-9D50-509A17C98F22}"
EndProject
Project("{8BC9CEB8-8B4A-11D0-8D11-00A0C91BC942}") = "day8", "day8\day8.vcxproj", "{4CC956B0-C60C-4295-80CE-D3D56B86A75C}"
EndProject
Project("{8BC9CEB8-8B4A-11D0-8D11-00A0C91BC942}") = "day9", "day9\day9.vcxproj", "{8CD125DB-7073-43C8-BF57-1C570F5E0021}"
EndProject
Project("{8BC9CEB8-8B4A-11D0-8D11-00A0C91BC942}") = "day10", "day10\day10.vcxproj", "{0B65E04A-F057-42C4-B7EC-54FD7788829E}"
EndProject
Project("{8BC9CEB8-8B4A-11D0-8D11-00A0C91BC942}") = "day11", "day11\day11.vcxproj", "{D0318F88-7AE3-498A-9ED1-D5B55FB7DF59}"
EndProject
Project("{8BC9CEB8-8B4A-11D0-8D11-00A0C91BC942}") = "day12", "day12\day12.vcxproj", "{7790D162-AEBF-4B58-9FC5-14F257AE5603}"
EndProject
Project("{8BC9CEB8-8B4A-11D0-8D11-00A0C91BC942}") = "day13", "day13\day13.vcxproj", "{50EE21C7-488C-4659-8727-AB97BFE8C341}"
EndProject
Project("{8BC9CEB8-8B4A-11D0-8D11-00A0C91BC942}") = "day14", "day14\day14.vcxproj", "{6F11B911-B6A8-4D8B-AB4D-FE84513CB86D}"
EndProject
Project("{8BC9CEB8-8B4A-11D0-8D11-00A0C91BC942}") = "day15", "day15\day15.vcxproj", "{004A535E-FCE6-480E-9135-DA33F46BC1BD}"
EndProject
Project("{8BC9CEB8-8B4A-11D0-8D11-00A0C91BC942}") = "day16", "day16\day16.vcxproj", "{859E41D8-783B-4D40-A329-F5880E6D2A0C}"
EndProject
Project("{8BC9CEB8-8B4A-11D0-8D11-00A0C91BC942}") = "day17", "day17\day17.vcxproj", "{3C75BC60-5531-4CC8-A2F0-35C23C57CFEB}"
EndProject
Project("{8BC9CEB8-8B4A-11D0-8D11-00A0C91BC942}") = "day18", "day18\day18.vcxproj", "{5CB31D84-CB00-41EE-A23D-297B155C8736}"
EndProject
Project("{8BC9CEB8-8B4A-11D0-8D11-00A0C91BC942}") = "day19", "day19\day19.vcxproj", "{FDD76451-93AB-4F45-AFBB-C7A99FF02B83}"
EndProject
Global
	GlobalSection(SolutionConfigurationPlatforms) = preSolution
		Debug|x64 = Debug|x64
		Debug|x86 = Debug|x86
		Release|x64 = Release|x64
		Release|x86 = Release|x86
	EndGlobalSection
	GlobalSection(ProjectConfigurationPlatforms) = postSolution
		{09603618-7F70-4854-AA03-3F100FA698AD}.Debug|x64.ActiveCfg = Debug|x64
		{09603618-7F70-4854-AA03-3F100FA698AD}.Debug|x64.Build.0 = Debug|x64
		{09603618-7F70-4854-AA03-3F100FA698AD}.Debug|x86.ActiveCfg = Debug|Win32
		{09603618-7F70-4854-AA03-3F100FA698AD}.Debug|x86.Build.0 = Debug|Win32
		{09603618-7F70-4854-AA03-3F100FA698AD}.Release|x64.ActiveCfg = Release|x64
		{09603618-7F70-4854-AA03-3F100FA698AD}.Release|x64.Build.0 = Release|x64
		{09603618-7F70-4854-AA03-3F100FA698AD}.Release|x86.ActiveCfg = Release|Win32
		{09603618-7F70-4854-AA03-3F100FA698AD}.Release|x86.Build.0 = Release|Win32
		{8346510D-4E50-4C9E-887C-B9C69183E78F}.Debug|x64.ActiveCfg = Debug|x64
		{8346510D-4E50-4C9E-887C-B9C69183E78F}.Debug|x64.Build.0 = Debug|x64
		{8346510D-4E50-4C9E-887C-B9C69183E78F}.Debug|x86.ActiveCfg = Debug|Win32
		{8346510D-4E50-4C9E-887C-B9C69183E78F}.Debug|x86.Build.0 = Debug|Win32
		{8346510D-4E50-4C9E-887C-B9C69183E78F}.Release|x64.ActiveCfg = Release|x64
		{8346510D-4E50-4C9E-887C-B9C69183E78F}.Release|x64.Build.0 = Release|x64
		{8346510D-4E50-4C9E-887C-B9C69183E78F}.Release|x86.ActiveCfg = Release|Win32
		{8346510D-4E50-4C9E-887C-B9C69183E78F}.Release|x86.Build.0 = Release|Win32
		{679D0D82-316B-4085-B52D-5CF33FDEBF9A}.Debug|x64.ActiveCfg = Debug|x64
		{679D0D82-316B-4085-B52D-5CF33FDEBF9A}.Debug|x64.Build.0 = Debug|x64
		{679D0D82-316B-4085-B52D-5CF33FDEBF9A}.Debug|x86.ActiveCfg = Debug|Win32
		{679D0D82-316B-4085-B52D-5CF33FDEBF9A}.Debug|x86.Build.0 = Debug|Win32
		{679D0D82-316B-4085-B52D-5CF33FDEBF9A}.Release|x64.ActiveCfg = Release|x64
		{679D0D82-316B-4085-B52D-5CF33FDEBF9A}.Release|x64.Build.0 = Release|x64
		{679D0D82-316B-4085-B52D-5CF33FDEBF9A}.Release|x86.ActiveCfg = Release|Win32
		{679D0D82-316B-4085-B52D-5CF33FDEBF9A}.Release|x86.Build.0 = Release|Win32
		{BE7FF909-8C6A-4A30-9203-AC3A4B75B13F}.Debug|x64.ActiveCfg = Debug|x64
		{BE7FF909-8C6A-4A30-9203-AC3A4B75B13F}.Debug|x64.Build.0 = Debug|x64
		{BE7FF909-8C6A-4A30-9203-AC3A4B75B13F}.Debug|x86.ActiveCfg = Debug|Win32
		{BE7FF909-8C6A-4A30-9203-AC3A4B75B13F}.Debug|x86.Build.0 = Debug|Win32
		{BE7FF909-8C6A-4A30-9203-AC3A4B75B13F}.Release|x64.ActiveCfg = Release|x64
		{BE7FF909-8C6A-4A30-9203-AC3A4B75B13F}.Release|x64.Build.0 = Release|x64
		{BE7FF909-8C6A-4A30-9203-AC3A4B75B13F}.Release|x86.ActiveCfg = Release|Win32
		{BE7FF909-8C6A-4A30-9203-AC3A4B75B13F}.Release|x86.Build.0 = Release|Win32
		{2C1E7BF2-2029-4F15-8021-C48F5944C62A}.Debug|x64.ActiveCfg = Debug|x64
		{2C1E7BF2-2029-4F15-8021-C48F5944C62A}.Debug|x64.Build.0 = Debug|x64
		{2C1E7BF2-2029-4F15-8021-C48F5944C62A}.Debug|x86.ActiveCfg = Debug|Win32
		{2C1E7BF2-2029-4F15-8021-C48F5944C62A}.Debug|x86.Build.0 = Debug|Win32
		{2C1E7BF2-2029-4F15-8021-C48F5944C62A}.Release|x64.ActiveCfg = Release|x64
		{2C1E7BF2-2029-4F15-8021-C48F5944C62A}.Release|x64.Build.0 = Release|x64
		{2C1E7BF2-2029-4F15-8021-C48F5944C62A}.Release|x86.ActiveCfg = Release|Win32
		{2C1E7BF2-2029-4F15-8021-C48F5944C62A}.Release|x86.Build.0 = Release|Win32
		{A46937A9-94A0-4ED3-B8FB-22FA575E5396}.Debug|x64.ActiveCfg = Debug|x64
		{A46937A9-94A0-4ED3-B8FB-22FA575E5396}.Debug|x64.Build.0 = Debug|x64
		{A46937A9-94A0-4ED3-B8FB-22FA575E5396}.Debug|x86.ActiveCfg = Debug|Win32
		{A46937A9-94A0-4ED3-B8FB-22FA575E5396}.Debug|x86.Build.0 = Debug|Win32
		{A46937A9-94A0-4ED3-B8FB-22FA575E5396}.Release|x64.ActiveCfg = Release|x64
		{A46937A9-94A0-4ED3-B8FB-22FA575E5396}.Release|x64.Build.0 = Release|x64
		{A46937A9-94A0-4ED3-B8FB-22FA575E5396}.Release|x86.ActiveCfg = Release|Win32
		{A46937A9-94A0-4ED3-B8FB-22FA575E5396}.Release|x86.Build.0 = Release|Win32
		{A5AD5B75-409A-42D2-9359-36CA676DD2F3}.Debug|x64.ActiveCfg = Debug|x64
		{A5AD5B75-409A-42D2-9359-36CA676DD2F3}.Debug|x64.Build.0 = Debug|x64
		{A5AD5B75-409A-42D2-9359-36CA676DD2F3}.Debug|x86.ActiveCfg = Debug|Win32
		{A5AD5B75-409A-42D2-9359-36CA676DD2F3}.Debug|x86.Build.0 = Debug|Win32
		{A5AD5B75-409A-42D2-9359-36CA676DD2F3}.Release|x64.ActiveCfg = Release|x64
		{A5AD5B75-409A-42D2-9359-36CA676DD2F3}.Release|x64.Build.0 = Release|x64
		{A5AD5B75-409A-42D2-9359-36CA676DD2F3}.Release|x86.ActiveCfg = Release|Win32
		{A5AD5B75-409A-42D2-9359-36CA676DD2F3}.Release|x86.Build.0 = Release|Win32
		{6D54F391-551E-4A4F-9D50-509A17C98F22}.Debug|x64.ActiveCfg = Debug|x64
		{6D54F391-551E-4A4F-9D50-509A17C98F22}.Debug|x64.Build.0 = Debug|x64
		{6D54F391-551E-4A4F-9D50-509A17C98F22}.Debug|x86.ActiveCfg = Debug|Win32
		{6D54F391-551E-4A4F-9D50-509A17C98F22}.Debug|x86.Build.0 = Debug|Win32
		{6D54F391-551E-4A4F-9D50-509A17C98F22}.Release|x64.ActiveCfg = Release|x64
		{6D54F391-551E-4A4F-9D50-509A17C98F22}.Release|x64.Build.0 = Release|x64
		{6D54F391-551E-4A4F-9D50-509A17C98F22}.Release|x86.ActiveCfg = Release|Win32
		{6D54F391-551E-4A4F-9D50-509A17C98F22}.Release|x86.Build.0 = Release|Win32
		{4CC956B0-C60C-4295-80CE-D3D56B86A75C}.Debug|x64.ActiveCfg = Debug|x64
		{4CC956B0-C60C-4295-80CE-D3D56B86A75C}.Debug|x64.Build.0 = Debug|x64
		{4CC956B0-C60C-4295-80CE-D3D56B86A75C}.Debug|x86.ActiveCfg = Debug|Win32
		{4CC956B0-C60C-4295-80CE-D3D56B86A75C}.Debug|x86.Build.0 = Debug|Win32
		{4CC956B0-C60C-4295-80CE-D3D56B86A75C}.Release|x64.ActiveCfg = Release|x64
		{4CC956B0-C60C-4295-80CE-D3D56B86A75C}.Release|x64.Build.0 = Release|x64
		{4CC956B0-C60C-4295-80CE-D3D56B86A75C}.Release|x86.ActiveCfg = Release|Win32
		{4CC956B0-C60C-4295-80CE-D3D56B86A75C}.Release|x86.Build.0 = Release|Win32
		{8CD125DB-7073-43C8-BF57-1C570F5E0021}.Debug|x64.ActiveCfg = Debug|x64
		{8CD125DB-7073-43C8-BF57-1C570F5E0021}.Debug|x64.Build.0 = Debug|x64
		{8CD125DB-7073-43C8-BF57-1C570F5E0021}.Debug|x86.ActiveCfg = Debug|Win32
		{8CD125DB-7073-43C8-BF57-1C570F5E0021}.Debug|x86.Build.0 = Debug|Win32
		{8CD125DB-7073-43C8-BF57-1C570F5E0021}.Release|x64.ActiveCfg = Release|x64
		{8CD125DB-7073-43C8-BF57-1C570F5E0021}.Release|x64.Build.0 = Release|x64
		{8CD125DB-7073-43C8-BF57-1C570F5E0021}.Release|x86.ActiveCfg = Release|Win32
		{8CD125DB-7073-43C8-BF57-1C570F5E0021}.Release|x86.Build.0 = Release|Win32
		{0B65E04A-F057-42C4-B7EC-54FD7788829E}.Debug|x64.ActiveCfg = Debug|x64
		{0B65E04A-F057-42C4-B7EC-54FD7788829E}.Debug|x64.Build.0 = Debug|x64
		{0B65E04A-F057-42C4-B7EC-54FD7788829E}.Debug|x86.ActiveCfg = Debug|Win32
		{0B65E04A-F057-42C4-B7EC-54FD7788829E}.Debug|x86.Build.0 = Debug|Win32
		{0B65E04A-F057-42C4-B7EC-54FD7788829E}.Release|x64.ActiveCfg = Release|x64
		{0B65E04A-F057-42C4-B7EC-54FD7788829E}.Release|x64.Build.0 = Release|x64
		{0B65E04A-F057-42C4-B7EC-54FD7788829E}.Release|x86.ActiveCfg = Release|Win32
		{0B65E04A-F057-42C4-B7EC-54FD7788829E}.Release|x86.Build.0 = Release|Win32
		{D0318F88-7AE3-498A-9ED1-D5B55FB7DF59}.Debug|x64.ActiveCfg = Debug|x64
		{D0318F88-7AE3-498A-9ED1-D5B55FB7DF59}.Debug|x64.Build.0 = Debug|x64
		{D0318F88-7AE3-498A-9ED1-D5B55FB7DF59}.Debug|x86.ActiveCfg = Debug|Win32
		{D0318F88-7AE3-498A-9ED1-D5B55FB7DF59}.Debug|x86.Build.0 = Debug|Win32
		{D0318F88-7AE3-498A-9ED1-D5B55FB7DF59}.Release|x64.ActiveCfg = Release|x64
		{D0318F88-7AE3-498A-9ED1-D5B55FB7DF59}.Release|x64.Build.0 = Release|x64
		{D0318F88-7AE3-498A-9ED1-D5B55FB7DF59}.Release|x86.ActiveCfg = Release|Win32
		{D0318F88-7AE3-498A-9ED1-D5B55FB7DF59}.Release|x86.Build.0 = Release|Win32
		{7790D162-AEBF-4B58-9FC5-14F257AE5603}.Debug|x64.ActiveCfg = Debug|x64
		{7790D162-AEBF-4B58-9FC5-14F257AE5603}.Debug|x64.Build.0 = Debug|x64
		{7790D162-AEBF-4B58-9FC5-14F257AE5603}.Debug|x86.ActiveCfg = Debug|Win32
		{7790D162-AEBF-4B58-9FC5-14F257AE5603}.Debug|x86.Build.0 = Debug|Win32
		{7790D162-AEBF-4B58-9FC5-14F257AE5603}.Release|x64.ActiveCfg = Release|x64
		{7790D162-AEBF-4B58-9FC5-14F257AE5603}.Release|x64.Build.0 = Release|x64
		{7790D162-AEBF-4B58-9FC5-14F257AE5603}.Release|x86.ActiveCfg = Release|Win32
		{7790D162-AEBF-4B58-9FC5-14F257AE5603}.Release|x86.Build.0 = Release|Win32
		{50EE21C7-488C-4659-8727-AB97BFE8C341}.Debug|x64.ActiveCfg = Debug|x64
		{50EE21C7-488C-4659-8727-AB97BFE8C341}.Debug|x64.Build.0 = Debug|x64
		{50EE21C7-488C-4659-8727-AB97BFE8C341}.Debug|x86.ActiveCfg = Debug|Win32
		{50EE21C7-488C-4659-8727-AB97BFE8C341}.Debug|x86.Build.0 = Debug|Win32
		{50EE21C7-488C-4659-8727-AB97BFE8C341}.Release|x64.ActiveCfg = Release|x64
		{50EE21C7-488C-4659-8727-AB97BFE8C341}.Release|x64.Build.0 = Release|x64
		{50EE21C7-488C-4659-8727-AB97BFE8C341}.Release|x86.ActiveCfg = Release|Win32
		{50EE21C7-488C-4659-8727-AB97BFE8C341}.Release|x86.Build.0 = Release|Win32
		{6F11B911-B6A8-4D8B-AB4D-FE84513CB86D}.Debug|x64.ActiveCfg = Debug|x64
		{6F11B911-B6A8-4D8B-AB4D-FE84513CB86D}.Debug|x64.Build.0 = Debug|x64
		{6F11B911-B6A8-4D8B-AB4D-FE84513CB86D}.Debug|x86.ActiveCfg = Debug|Win32
		{6F11B911-B6A8-4D8B-AB4D-FE84513CB86D}.Debug|x86.Build.0 = Debug|Win32
		{6F11B911-B6A8-4D8B-AB4D-FE84513CB86D}.Release|x64.ActiveCfg = Release|x64
		{6F11B911-B6A8-4D8B-AB4D-FE84513CB86D}.Release|x64.Build.0 = Release|x64
		{6F11B911-B6A8-4D8B-AB4D-FE84513CB86D}.Release|x86.ActiveCfg = Release|Win32
		{6F11B911-B6A8-4D8B-AB4D-FE84513CB86D}.Release|x86.Build.0 = Release|Win32
		{004A535E-FCE6-480E-9135-DA33F46BC1BD}.Debug|x64.ActiveCfg = Debug|x64
		{004A535E-FCE6-480E-9135-DA33F46BC1BD}.Debug|x64.Build.0 = Debug|x64
		{004A535E-FCE6-480E-9135-DA33F46BC1BD}.Debug|x86.ActiveCfg = Debug|Win32
		{004A535E-FCE6-480E-9135-DA33F46BC1BD}.Debug|x86.Build.0 = Debug|Win32
		{004A535E-FCE6-480E-9135-DA33F46BC1BD}.Release|x64.ActiveCfg = Release|x64
		{004A535E-FCE6-480E-9135-DA33F46BC1BD}.Release|x64.Build.0 = Release|x64
		{004A535E-FCE6-480E-9135-DA33F46BC1BD}.Release|x86.ActiveCfg = Release|Win32
		{004A535E-FCE6-480E-9135-DA33F46BC1BD}.Release|x86.Build.0 = Release|Win32
		{859E41D8-783B-4D40-A329-F5880E6D2A0C}.Debug|x64.ActiveCfg = Debug|x64
		{859E41D8-783B-4D40-A329-F5880E6D2A0C}.Debug|x64.Build.0 = Debug|x64
		{859E41D8-783B-4D40-A329-F5880E6D2A0C}.Debug|x86.ActiveCfg = Debug|Win32
		{859E41D8-783B-4D40-A329-F5880E6D2A0C}.Debug|x86.Build.0 = Debug|Win32
		{859E41D8-783B-4D40-A329-F5880E6D2A0C}.Release|x64.ActiveCfg = Release|x64
		{859E41D8-783B-4D40-A329-F5880E6D2A0C}.Release|x64.Build.0 = Release|x64
		{859E41D8-783B-4D40-A329-F5880E6D2A0C}.Release|x86.ActiveCfg = Release|Win32
		{859E41D8-783B-4D40-A329-F5880E6D2A0C}.Release|x86.Build.0 = Release|Win32
		{3C75BC60-5531-4CC8-A2F0-35C23C57CFEB}.Debug|x64.ActiveCfg = Debug|x64
		{3C75BC60-5531-4CC8-A2F0-35C23C57CFEB}.Debug|x64.Build.0 = Debug|x64
		{3C75BC60-5531-4CC8-A2F0-35C23C57CFEB}.Debug|x86.ActiveCfg = Debug|Win32
		{3C75BC60-5531-4CC8-A2F0-35C23C57CFEB}.Debug|x86.Build.0 = Debug|Win32
		{3C75BC60-5531-4CC8-A2F0-35C23C57CFEB}.Release|x64.ActiveCfg = Release|x64
		{3C75BC60-5531-4CC8-A2F0-35C23C57CFEB}.Release|x64.Build.0 = Release|x64
		{3C75BC60-5531-4CC8-A2F0-35C23C57CFEB}.Release|x86.ActiveCfg = Release|Win32
		{3C75BC60-5531-4CC8-A2F0-35C23C57CFEB}.Release|x86.Build.0 = Release|Win32
		{5CB31D84-CB00-41EE-A23D-297B155C8736}.Debug|x64.ActiveCfg = Debug|x64
		{5CB31D84-CB00-41EE-A23D-297B155C8736}.Debug|x64.Build.0 = Debug|x64
		{5CB31D84-CB00-41EE-A23D-297B155C8736}.Debug|x86.ActiveCfg = Debug|Win32
		{5CB31D84-CB00-41EE-A23D-297B155C8736}.Debug|x86.Build.0 = Debug|Win32
		{5CB31D84-CB00-41EE-A23D-297B155C8736}.Release|x64.ActiveCfg = Release|x64
		{5CB31D84-CB00-41EE-A23D-297B155C8736}.Release|x64.Build.0 = Release|x64
		{5CB31D84-CB00-41EE-A23D-297B155C8736}.Release|x86.ActiveCfg = Release|Win32
		{5CB31D84-CB00-41EE-A23D-297B155C8736}.Release|x86.Build.0 = Release|Win32
		{FDD76451-93AB-4F45-AFBB-C7A99FF02B83}.Debug|x64.ActiveCfg = Debug|x64
		{FDD76451-93AB-4F45-AFBB-C7A99FF02B83}.Debug|x64.Build.0 = Debug|x64
		{FDD76451-93AB-4F45-AFBB-C7A99FF02B83}.Debug|x86.ActiveCfg = Debug|Win32
		{FDD76451-93AB-4F45-AFBB-C7A99FF02B83}.Debug|x86.Build.0 = Debug|Win32
		{FDD76451-93AB-4F45-AFBB-C7A99FF02B83}.Release|x64.ActiveCfg = Release|x64
		{FDD76451-93AB-4F45-AFBB-C7A99FF02B83}.Release|x64.Build.0 = Release|x64
		{FDD76451-93AB-4F45-AFBB-C7A99FF02B83}.Release|x86.ActiveCfg = Release|Win32
		{FDD76451-93AB-4F45-AFBB-C7A99FF02B83}.Release|x86.Build.0 = Release|Win32
	EndGlobalSection
	GlobalSection(SolutionProperties) = preSolution
		HideSolutionNode = FALSE
	EndGlobalSection
EndGlobal
